
Microsoft Visual Studio Solution File, Format Version 12.00
# Visual Studio Version 16
VisualStudioVersion = 16.0.32002.261
MinimumVisualStudioVersion = 10.0.40219.1
Project("{9A19103F-16F7-4668-BE54-9A1E7A4F7556}") = "Basics", "ConsoleApp1\Basics.csproj", "{46990A09-C088-4FF6-9C53-E04F37ADB5BD}"
EndProject
Project("{9A19103F-16F7-4668-BE54-9A1E7A4F7556}") = "practice", "practice\practice.csproj", "{EEF6DB08-62B5-4207-96AB-55B82662E1F9}"
EndProject
Project("{FAE04EC0-301F-11D3-BF4B-00C04F79EFBC}") = "typeConversion", "typeConversion\typeConversion.csproj", "{BA0D2DC4-4032-48C3-B18A-E438FFBEF4CB}"
EndProject
Global
	GlobalSection(SolutionConfigurationPlatforms) = preSolution
		Debug|Any CPU = Debug|Any CPU
		Release|Any CPU = Release|Any CPU
	EndGlobalSection
	GlobalSection(ProjectConfigurationPlatforms) = postSolution
		{46990A09-C088-4FF6-9C53-E04F37ADB5BD}.Debug|Any CPU.ActiveCfg = Debug|Any CPU
		{46990A09-C088-4FF6-9C53-E04F37ADB5BD}.Debug|Any CPU.Build.0 = Debug|Any CPU
		{46990A09-C088-4FF6-9C53-E04F37ADB5BD}.Release|Any CPU.ActiveCfg = Release|Any CPU
		{46990A09-C088-4FF6-9C53-E04F37ADB5BD}.Release|Any CPU.Build.0 = Release|Any CPU
		{EEF6DB08-62B5-4207-96AB-55B82662E1F9}.Debug|Any CPU.ActiveCfg = Debug|Any CPU
		{EEF6DB08-62B5-4207-96AB-55B82662E1F9}.Debug|Any CPU.Build.0 = Debug|Any CPU
		{EEF6DB08-62B5-4207-96AB-55B82662E1F9}.Release|Any CPU.ActiveCfg = Release|Any CPU
		{EEF6DB08-62B5-4207-96AB-55B82662E1F9}.Release|Any CPU.Build.0 = Release|Any CPU
		{BA0D2DC4-4032-48C3-B18A-E438FFBEF4CB}.Debug|Any CPU.ActiveCfg = Debug|Any CPU
		{BA0D2DC4-4032-48C3-B18A-E438FFBEF4CB}.Debug|Any CPU.Build.0 = Debug|Any CPU
		{BA0D2DC4-4032-48C3-B18A-E438FFBEF4CB}.Release|Any CPU.ActiveCfg = Release|Any CPU
		{BA0D2DC4-4032-48C3-B18A-E438FFBEF4CB}.Release|Any CPU.Build.0 = Release|Any CPU
	EndGlobalSection
	GlobalSection(SolutionProperties) = preSolution
		HideSolutionNode = FALSE
	EndGlobalSection
	GlobalSection(ExtensibilityGlobals) = postSolution
		SolutionGuid = {C1E96B93-2EA2-4166-90E9-9A9577482FF4}
	EndGlobalSection
EndGlobal
